
Microsoft Visual Studio Solution File, Format Version 12.00
# Visual Studio Version 16
VisualStudioVersion = 16.0.29306.81
MinimumVisualStudioVersion = 10.0.40219.1
Project("{2150E333-8FDC-42A3-9474-1A3956D46DE8}") = "src", "src", "{35CE0028-324B-4D35-AB32-B584DAD9EF36}"
EndProject
Project("{2150E333-8FDC-42A3-9474-1A3956D46DE8}") = "test", "test", "{F61B05E7-1310-458A-BF9A-22DCF77DD557}"
EndProject
Project("{FAE04EC0-301F-11D3-BF4B-00C04F79EFBC}") = "StatlerWaldorfCorp.RealityService", "StatlerWaldorfCorp.RealityService\StatlerWaldorfCorp.RealityService.csproj", "{DE7D8003-9DDE-4CB5-B853-945B4F37FA58}"
EndProject
Project("{FAE04EC0-301F-11D3-BF4B-00C04F79EFBC}") = "StatlerWaldorfCorp.RealityService.Tests", "StatlerWaldorfCorp.RealityService.Tests\StatlerWaldorfCorp.RealityService.Tests.csproj", "{6F884BF0-B4A8-450D-AB9F-724F81CBCCF6}"
EndProject
Project("{FAE04EC0-301F-11D3-BF4B-00C04F79EFBC}") = "StatlerWaldorfCorp.RealityService.Tests.Integration", "StatlerWaldorfCorp.RealityService.Tests.Integration\StatlerWaldorfCorp.RealityService.Tests.Integration.csproj", "{FBFDF4AC-D57F-4B60-8355-C085C71A3E7F}"
EndProject
Global
	GlobalSection(SolutionConfigurationPlatforms) = preSolution
		Debug|Any CPU = Debug|Any CPU
		Release|Any CPU = Release|Any CPU
	EndGlobalSection
	GlobalSection(ProjectConfigurationPlatforms) = postSolution
		{DE7D8003-9DDE-4CB5-B853-945B4F37FA58}.Debug|Any CPU.ActiveCfg = Debug|Any CPU
		{DE7D8003-9DDE-4CB5-B853-945B4F37FA58}.Debug|Any CPU.Build.0 = Debug|Any CPU
		{DE7D8003-9DDE-4CB5-B853-945B4F37FA58}.Release|Any CPU.ActiveCfg = Release|Any CPU
		{DE7D8003-9DDE-4CB5-B853-945B4F37FA58}.Release|Any CPU.Build.0 = Release|Any CPU
		{6F884BF0-B4A8-450D-AB9F-724F81CBCCF6}.Debug|Any CPU.ActiveCfg = Debug|Any CPU
		{6F884BF0-B4A8-450D-AB9F-724F81CBCCF6}.Debug|Any CPU.Build.0 = Debug|Any CPU
		{6F884BF0-B4A8-450D-AB9F-724F81CBCCF6}.Release|Any CPU.ActiveCfg = Release|Any CPU
		{6F884BF0-B4A8-450D-AB9F-724F81CBCCF6}.Release|Any CPU.Build.0 = Release|Any CPU
		{FBFDF4AC-D57F-4B60-8355-C085C71A3E7F}.Debug|Any CPU.ActiveCfg = Debug|Any CPU
		{FBFDF4AC-D57F-4B60-8355-C085C71A3E7F}.Debug|Any CPU.Build.0 = Debug|Any CPU
		{FBFDF4AC-D57F-4B60-8355-C085C71A3E7F}.Release|Any CPU.ActiveCfg = Release|Any CPU
		{FBFDF4AC-D57F-4B60-8355-C085C71A3E7F}.Release|Any CPU.Build.0 = Release|Any CPU
	EndGlobalSection
	GlobalSection(SolutionProperties) = preSolution
		HideSolutionNode = FALSE
	EndGlobalSection
	GlobalSection(NestedProjects) = preSolution
		{DE7D8003-9DDE-4CB5-B853-945B4F37FA58} = {35CE0028-324B-4D35-AB32-B584DAD9EF36}
		{6F884BF0-B4A8-450D-AB9F-724F81CBCCF6} = {F61B05E7-1310-458A-BF9A-22DCF77DD557}
		{FBFDF4AC-D57F-4B60-8355-C085C71A3E7F} = {F61B05E7-1310-458A-BF9A-22DCF77DD557}
	EndGlobalSection
	GlobalSection(ExtensibilityGlobals) = postSolution
		SolutionGuid = {999AEF61-54CF-478C-AD7F-434F48ABAA27}
	EndGlobalSection
EndGlobal
